
Microsoft Visual Studio Solution File, Format Version 12.00
# Visual Studio Version 16
VisualStudioVersion = 16.0.29519.87
MinimumVisualStudioVersion = 10.0.40219.1
Project("{FAE04EC0-301F-11D3-BF4B-00C04F79EFBC}") = "ProyectoNotebook", "ProyectoNotebook\ProyectoNotebook.csproj", "{96594724-DCC8-4A84-839A-EE5DEF45A5DB}"
EndProject
Global
	GlobalSection(SolutionConfigurationPlatforms) = preSolution
		Debug|Any CPU = Debug|Any CPU
		Release|Any CPU = Release|Any CPU
	EndGlobalSection
	GlobalSection(ProjectConfigurationPlatforms) = postSolution
		{96594724-DCC8-4A84-839A-EE5DEF45A5DB}.Debug|Any CPU.ActiveCfg = Debug|Any CPU
		{96594724-DCC8-4A84-839A-EE5DEF45A5DB}.Debug|Any CPU.Build.0 = Debug|Any CPU
		{96594724-DCC8-4A84-839A-EE5DEF45A5DB}.Release|Any CPU.ActiveCfg = Release|Any CPU
		{96594724-DCC8-4A84-839A-EE5DEF45A5DB}.Release|Any CPU.Build.0 = Release|Any CPU
	EndGlobalSection
	GlobalSection(SolutionProperties) = preSolution
		HideSolutionNode = FALSE
	EndGlobalSection
	GlobalSection(ExtensibilityGlobals) = postSolution
		SolutionGuid = {1C6CE1AF-1440-4A9F-80DC-C4013F0D9938}
	EndGlobalSection
EndGlobal
